// !$*UTF8*$!
{
	archiveVersion = 1;
	classes = {
	};
	objectVersion = 48;
	objects = {

/* Begin PBXBuildFile section */
		83A1A20E1F91B47700BE6BE5 /* AppDelegate.swift in Sources */ = {isa = PBXBuildFile; fileRef = 83A1A20D1F91B47700BE6BE5 /* AppDelegate.swift */; };
		83A1A2101F91B47700BE6BE5 /* ViewController.swift in Sources */ = {isa = PBXBuildFile; fileRef = 83A1A20F1F91B47700BE6BE5 /* ViewController.swift */; };
		83A1A2131F91B47700BE6BE5 /* Main.storyboard in Resources */ = {isa = PBXBuildFile; fileRef = 83A1A2111F91B47700BE6BE5 /* Main.storyboard */; };
		83A1A2161F91B47700BE6BE5 /* NiteLyfe.xcdatamodeld in Sources */ = {isa = PBXBuildFile; fileRef = 83A1A2141F91B47700BE6BE5 /* NiteLyfe.xcdatamodeld */; };
		83A1A2181F91B47700BE6BE5 /* Assets.xcassets in Resources */ = {isa = PBXBuildFile; fileRef = 83A1A2171F91B47700BE6BE5 /* Assets.xcassets */; };
		83A1A21B1F91B47700BE6BE5 /* LaunchScreen.storyboard in Resources */ = {isa = PBXBuildFile; fileRef = 83A1A2191F91B47700BE6BE5 /* LaunchScreen.storyboard */; };
		83A1A2261F91B47700BE6BE5 /* NiteLyfeTests.swift in Sources */ = {isa = PBXBuildFile; fileRef = 83A1A2251F91B47700BE6BE5 /* NiteLyfeTests.swift */; };
		83A1A2311F91B47700BE6BE5 /* NiteLyfeUITests.swift in Sources */ = {isa = PBXBuildFile; fileRef = 83A1A2301F91B47700BE6BE5 /* NiteLyfeUITests.swift */; };
/* End PBXBuildFile section */

/* Begin PBXContainerItemProxy section */
		83A1A2221F91B47700BE6BE5 /* PBXContainerItemProxy */ = {
			isa = PBXContainerItemProxy;
			containerPortal = 83A1A2021F91B47700BE6BE5 /* Project object */;
			proxyType = 1;
			remoteGlobalIDString = 83A1A2091F91B47700BE6BE5;
			remoteInfo = NiteLyfe;
		};
		83A1A22D1F91B47700BE6BE5 /* PBXContainerItemProxy */ = {
			isa = PBXContainerItemProxy;
			containerPortal = 83A1A2021F91B47700BE6BE5 /* Project object */;
			proxyType = 1;
			remoteGlobalIDString = 83A1A2091F91B47700BE6BE5;
			remoteInfo = NiteLyfe;
		};
/* End PBXContainerItemProxy section */

/* Begin PBXFileReference section */
		83A1A20A1F91B47700BE6BE5 /* NiteLyfe.app */ = {isa = PBXFileReference; explicitFileType = wrapper.application; includeInIndex = 0; path = NiteLyfe.app; sourceTree = BUILT_PRODUCTS_DIR; };
		83A1A20D1F91B47700BE6BE5 /* AppDelegate.swift */ = {isa = PBXFileReference; lastKnownFileType = sourcecode.swift; path = AppDelegate.swift; sourceTree = "<group>"; };
		83A1A20F1F91B47700BE6BE5 /* ViewController.swift */ = {isa = PBXFileReference; lastKnownFileType = sourcecode.swift; path = ViewController.swift; sourceTree = "<group>"; };
		83A1A2121F91B47700BE6BE5 /* Base */ = {isa = PBXFileReference; lastKnownFileType = file.storyboard; name = Base; path = Base.lproj/Main.storyboard; sourceTree = "<group>"; };
		83A1A2151F91B47700BE6BE5 /* NiteLyfe.xcdatamodel */ = {isa = PBXFileReference; lastKnownFileType = wrapper.xcdatamodel; path = NiteLyfe.xcdatamodel; sourceTree = "<group>"; };
		83A1A2171F91B47700BE6BE5 /* Assets.xcassets */ = {isa = PBXFileReference; lastKnownFileType = folder.assetcatalog; path = Assets.xcassets; sourceTree = "<group>"; };
		83A1A21A1F91B47700BE6BE5 /* Base */ = {isa = PBXFileReference; lastKnownFileType = file.storyboard; name = Base; path = Base.lproj/LaunchScreen.storyboard; sourceTree = "<group>"; };
		83A1A21C1F91B47700BE6BE5 /* Info.plist */ = {isa = PBXFileReference; lastKnownFileType = text.plist.xml; path = Info.plist; sourceTree = "<group>"; };
		83A1A2211F91B47700BE6BE5 /* NiteLyfeTests.xctest */ = {isa = PBXFileReference; explicitFileType = wrapper.cfbundle; includeInIndex = 0; path = NiteLyfeTests.xctest; sourceTree = BUILT_PRODUCTS_DIR; };
		83A1A2251F91B47700BE6BE5 /* NiteLyfeTests.swift */ = {isa = PBXFileReference; lastKnownFileType = sourcecode.swift; path = NiteLyfeTests.swift; sourceTree = "<group>"; };
		83A1A2271F91B47700BE6BE5 /* Info.plist */ = {isa = PBXFileReference; lastKnownFileType = text.plist.xml; path = Info.plist; sourceTree = "<group>"; };
		83A1A22C1F91B47700BE6BE5 /* NiteLyfeUITests.xctest */ = {isa = PBXFileReference; explicitFileType = wrapper.cfbundle; includeInIndex = 0; path = NiteLyfeUITests.xctest; sourceTree = BUILT_PRODUCTS_DIR; };
		83A1A2301F91B47700BE6BE5 /* NiteLyfeUITests.swift */ = {isa = PBXFileReference; lastKnownFileType = sourcecode.swift; path = NiteLyfeUITests.swift; sourceTree = "<group>"; };
		83A1A2321F91B47700BE6BE5 /* Info.plist */ = {isa = PBXFileReference; lastKnownFileType = text.plist.xml; path = Info.plist; sourceTree = "<group>"; };
/* End PBXFileReference section */

/* Begin PBXFrameworksBuildPhase section */
		83A1A2071F91B47700BE6BE5 /* Frameworks */ = {
			isa = PBXFrameworksBuildPhase;
			buildActionMask = 2147483647;
			files = (
			);
			runOnlyForDeploymentPostprocessing = 0;
		};
		83A1A21E1F91B47700BE6BE5 /* Frameworks */ = {
			isa = PBXFrameworksBuildPhase;
			buildActionMask = 2147483647;
			files = (
			);
			runOnlyForDeploymentPostprocessing = 0;
		};
		83A1A2291F91B47700BE6BE5 /* Frameworks */ = {
			isa = PBXFrameworksBuildPhase;
			buildActionMask = 2147483647;
			files = (
			);
			runOnlyForDeploymentPostprocessing = 0;
		};
/* End PBXFrameworksBuildPhase section */

/* Begin PBXGroup section */
		83A1A2011F91B47700BE6BE5 = {
			isa = PBXGroup;
			children = (
				83A1A20C1F91B47700BE6BE5 /* NiteLyfe */,
				83A1A2241F91B47700BE6BE5 /* NiteLyfeTests */,
				83A1A22F1F91B47700BE6BE5 /* NiteLyfeUITests */,
				83A1A20B1F91B47700BE6BE5 /* Products */,
			);
			sourceTree = "<group>";
		};
		83A1A20B1F91B47700BE6BE5 /* Products */ = {
			isa = PBXGroup;
			children = (
				83A1A20A1F91B47700BE6BE5 /* NiteLyfe.app */,
				83A1A2211F91B47700BE6BE5 /* NiteLyfeTests.xctest */,
				83A1A22C1F91B47700BE6BE5 /* NiteLyfeUITests.xctest */,
			);
			name = Products;
			sourceTree = "<group>";
		};
		83A1A20C1F91B47700BE6BE5 /* NiteLyfe */ = {
			isa = PBXGroup;
			children = (
				83A1A20D1F91B47700BE6BE5 /* AppDelegate.swift */,
				83A1A20F1F91B47700BE6BE5 /* ViewController.swift */,
				83A1A2111F91B47700BE6BE5 /* Main.storyboard */,
				83A1A2171F91B47700BE6BE5 /* Assets.xcassets */,
				83A1A2191F91B47700BE6BE5 /* LaunchScreen.storyboard */,
				83A1A21C1F91B47700BE6BE5 /* Info.plist */,
				83A1A2141F91B47700BE6BE5 /* NiteLyfe.xcdatamodeld */,
			);
			path = NiteLyfe;
			sourceTree = "<group>";
		};
		83A1A2241F91B47700BE6BE5 /* NiteLyfeTests */ = {
			isa = PBXGroup;
			children = (
				83A1A2251F91B47700BE6BE5 /* NiteLyfeTests.swift */,
				83A1A2271F91B47700BE6BE5 /* Info.plist */,
			);
			path = NiteLyfeTests;
			sourceTree = "<group>";
		};
		83A1A22F1F91B47700BE6BE5 /* NiteLyfeUITests */ = {
			isa = PBXGroup;
			children = (
				83A1A2301F91B47700BE6BE5 /* NiteLyfeUITests.swift */,
				83A1A2321F91B47700BE6BE5 /* Info.plist */,
			);
			path = NiteLyfeUITests;
			sourceTree = "<group>";
		};
/* End PBXGroup section */

/* Begin PBXNativeTarget section */
		83A1A2091F91B47700BE6BE5 /* NiteLyfe */ = {
			isa = PBXNativeTarget;
			buildConfigurationList = 83A1A2351F91B47700BE6BE5 /* Build configuration list for PBXNativeTarget "NiteLyfe" */;
			buildPhases = (
				83A1A2061F91B47700BE6BE5 /* Sources */,
				83A1A2071F91B47700BE6BE5 /* Frameworks */,
				83A1A2081F91B47700BE6BE5 /* Resources */,
			);
			buildRules = (
			);
			dependencies = (
			);
			name = NiteLyfe;
			productName = NiteLyfe;
			productReference = 83A1A20A1F91B47700BE6BE5 /* NiteLyfe.app */;
			productType = "com.apple.product-type.application";
		};
		83A1A2201F91B47700BE6BE5 /* NiteLyfeTests */ = {
			isa = PBXNativeTarget;
			buildConfigurationList = 83A1A2381F91B47700BE6BE5 /* Build configuration list for PBXNativeTarget "NiteLyfeTests" */;
			buildPhases = (
				83A1A21D1F91B47700BE6BE5 /* Sources */,
				83A1A21E1F91B47700BE6BE5 /* Frameworks */,
				83A1A21F1F91B47700BE6BE5 /* Resources */,
			);
			buildRules = (
			);
			dependencies = (
				83A1A2231F91B47700BE6BE5 /* PBXTargetDependency */,
			);
			name = NiteLyfeTests;
			productName = NiteLyfeTests;
			productReference = 83A1A2211F91B47700BE6BE5 /* NiteLyfeTests.xctest */;
			productType = "com.apple.product-type.bundle.unit-test";
		};
		83A1A22B1F91B47700BE6BE5 /* NiteLyfeUITests */ = {
			isa = PBXNativeTarget;
			buildConfigurationList = 83A1A23B1F91B47700BE6BE5 /* Build configuration list for PBXNativeTarget "NiteLyfeUITests" */;
			buildPhases = (
				83A1A2281F91B47700BE6BE5 /* Sources */,
				83A1A2291F91B47700BE6BE5 /* Frameworks */,
				83A1A22A1F91B47700BE6BE5 /* Resources */,
			);
			buildRules = (
			);
			dependencies = (
				83A1A22E1F91B47700BE6BE5 /* PBXTargetDependency */,
			);
			name = NiteLyfeUITests;
			productName = NiteLyfeUITests;
			productReference = 83A1A22C1F91B47700BE6BE5 /* NiteLyfeUITests.xctest */;
			productType = "com.apple.product-type.bundle.ui-testing";
		};
/* End PBXNativeTarget section */

/* Begin PBXProject section */
		83A1A2021F91B47700BE6BE5 /* Project object */ = {
			isa = PBXProject;
			attributes = {
				LastSwiftUpdateCheck = 0900;
				LastUpgradeCheck = 0900;
				ORGANIZATIONNAME = "Jonah Zukosky";
				TargetAttributes = {
					83A1A2091F91B47700BE6BE5 = {
						CreatedOnToolsVersion = 9.0;
						ProvisioningStyle = Automatic;
					};
					83A1A2201F91B47700BE6BE5 = {
						CreatedOnToolsVersion = 9.0;
						ProvisioningStyle = Automatic;
						TestTargetID = 83A1A2091F91B47700BE6BE5;
					};
					83A1A22B1F91B47700BE6BE5 = {
						CreatedOnToolsVersion = 9.0;
						ProvisioningStyle = Automatic;
						TestTargetID = 83A1A2091F91B47700BE6BE5;
					};
				};
			};
			buildConfigurationList = 83A1A2051F91B47700BE6BE5 /* Build configuration list for PBXProject "NiteLyfe" */;
			compatibilityVersion = "Xcode 8.0";
			developmentRegion = en;
			hasScannedForEncodings = 0;
			knownRegions = (
				en,
				Base,
			);
			mainGroup = 83A1A2011F91B47700BE6BE5;
			productRefGroup = 83A1A20B1F91B47700BE6BE5 /* Products */;
			projectDirPath = "";
			projectRoot = "";
			targets = (
				83A1A2091F91B47700BE6BE5 /* NiteLyfe */,
				83A1A2201F91B47700BE6BE5 /* NiteLyfeTests */,
				83A1A22B1F91B47700BE6BE5 /* NiteLyfeUITests */,
			);
		};
/* End PBXProject section */

/* Begin PBXResourcesBuildPhase section */
		83A1A2081F91B47700BE6BE5 /* Resources */ = {
			isa = PBXResourcesBuildPhase;
			buildActionMask = 2147483647;
			files = (
				83A1A21B1F91B47700BE6BE5 /* LaunchScreen.storyboard in Resources */,
				83A1A2181F91B47700BE6BE5 /* Assets.xcassets in Resources */,
				83A1A2131F91B47700BE6BE5 /* Main.storyboard in Resources */,
			);
			runOnlyForDeploymentPostprocessing = 0;
		};
		83A1A21F1F91B47700BE6BE5 /* Resources */ = {
			isa = PBXResourcesBuildPhase;
			buildActionMask = 2147483647;
			files = (
			);
			runOnlyForDeploymentPostprocessing = 0;
		};
		83A1A22A1F91B47700BE6BE5 /* Resources */ = {
			isa = PBXResourcesBuildPhase;
			buildActionMask = 2147483647;
			files = (
			);
			runOnlyForDeploymentPostprocessing = 0;
		};
/* End PBXResourcesBuildPhase section */

/* Begin PBXSourcesBuildPhase section */
		83A1A2061F91B47700BE6BE5 /* Sources */ = {
			isa = PBXSourcesBuildPhase;
			buildActionMask = 2147483647;
			files = (
				83A1A2161F91B47700BE6BE5 /* NiteLyfe.xcdatamodeld in Sources */,
				83A1A2101F91B47700BE6BE5 /* ViewController.swift in Sources */,
				83A1A20E1F91B47700BE6BE5 /* AppDelegate.swift in Sources */,
			);
			runOnlyForDeploymentPostprocessing = 0;
		};
		83A1A21D1F91B47700BE6BE5 /* Sources */ = {
			isa = PBXSourcesBuildPhase;
			buildActionMask = 2147483647;
			files = (
				83A1A2261F91B47700BE6BE5 /* NiteLyfeTests.swift in Sources */,
			);
			runOnlyForDeploymentPostprocessing = 0;
		};
		83A1A2281F91B47700BE6BE5 /* Sources */ = {
			isa = PBXSourcesBuildPhase;
			buildActionMask = 2147483647;
			files = (
				83A1A2311F91B47700BE6BE5 /* NiteLyfeUITests.swift in Sources */,
			);
			runOnlyForDeploymentPostprocessing = 0;
		};
/* End PBXSourcesBuildPhase section */

/* Begin PBXTargetDependency section */
		83A1A2231F91B47700BE6BE5 /* PBXTargetDependency */ = {
			isa = PBXTargetDependency;
			target = 83A1A2091F91B47700BE6BE5 /* NiteLyfe */;
			targetProxy = 83A1A2221F91B47700BE6BE5 /* PBXContainerItemProxy */;
		};
		83A1A22E1F91B47700BE6BE5 /* PBXTargetDependency */ = {
			isa = PBXTargetDependency;
			target = 83A1A2091F91B47700BE6BE5 /* NiteLyfe */;
			targetProxy = 83A1A22D1F91B47700BE6BE5 /* PBXContainerItemProxy */;
		};
/* End PBXTargetDependency section */

/* Begin PBXVariantGroup section */
		83A1A2111F91B47700BE6BE5 /* Main.storyboard */ = {
			isa = PBXVariantGroup;
			children = (
				83A1A2121F91B47700BE6BE5 /* Base */,
			);
			name = Main.storyboard;
			sourceTree = "<group>";
		};
		83A1A2191F91B47700BE6BE5 /* LaunchScreen.storyboard */ = {
			isa = PBXVariantGroup;
			children = (
				83A1A21A1F91B47700BE6BE5 /* Base */,
			);
			name = LaunchScreen.storyboard;
			sourceTree = "<group>";
		};
/* End PBXVariantGroup section */

/* Begin XCBuildConfiguration section */
		83A1A2331F91B47700BE6BE5 /* Debug */ = {
			isa = XCBuildConfiguration;
			buildSettings = {
				ALWAYS_SEARCH_USER_PATHS = NO;
				CLANG_ANALYZER_NONNULL = YES;
				CLANG_ANALYZER_NUMBER_OBJECT_CONVERSION = YES_AGGRESSIVE;
				CLANG_CXX_LANGUAGE_STANDARD = "gnu++14";
				CLANG_CXX_LIBRARY = "libc++";
				CLANG_ENABLE_MODULES = YES;
				CLANG_ENABLE_OBJC_ARC = YES;
				CLANG_WARN_BLOCK_CAPTURE_AUTORELEASING = YES;
				CLANG_WARN_BOOL_CONVERSION = YES;
				CLANG_WARN_COMMA = YES;
				CLANG_WARN_CONSTANT_CONVERSION = YES;
				CLANG_WARN_DIRECT_OBJC_ISA_USAGE = YES_ERROR;
				CLANG_WARN_DOCUMENTATION_COMMENTS = YES;
				CLANG_WARN_EMPTY_BODY = YES;
				CLANG_WARN_ENUM_CONVERSION = YES;
				CLANG_WARN_INFINITE_RECURSION = YES;
				CLANG_WARN_INT_CONVERSION = YES;
				CLANG_WARN_NON_LITERAL_NULL_CONVERSION = YES;
				CLANG_WARN_OBJC_LITERAL_CONVERSION = YES;
				CLANG_WARN_OBJC_ROOT_CLASS = YES_ERROR;
				CLANG_WARN_RANGE_LOOP_ANALYSIS = YES;
				CLANG_WARN_STRICT_PROTOTYPES = YES;
				CLANG_WARN_SUSPICIOUS_MOVE = YES;
				CLANG_WARN_UNGUARDED_AVAILABILITY = YES_AGGRESSIVE;
				CLANG_WARN_UNREACHABLE_CODE = YES;
				CLANG_WARN__DUPLICATE_METHOD_MATCH = YES;
				CODE_SIGN_IDENTITY = "iPhone Developer";
				COPY_PHASE_STRIP = NO;
				DEBUG_INFORMATION_FORMAT = dwarf;
				ENABLE_STRICT_OBJC_MSGSEND = YES;
				ENABLE_TESTABILITY = YES;
				GCC_C_LANGUAGE_STANDARD = gnu11;
				GCC_DYNAMIC_NO_PIC = NO;
				GCC_NO_COMMON_BLOCKS = YES;
				GCC_OPTIMIZATION_LEVEL = 0;
				GCC_PREPROCESSOR_DEFINITIONS = (
					"DEBUG=1",
					"$(inherited)",
				);
				GCC_WARN_64_TO_32_BIT_CONVERSION = YES;
				GCC_WARN_ABOUT_RETURN_TYPE = YES_ERROR;
				GCC_WARN_UNDECLARED_SELECTOR = YES;
				GCC_WARN_UNINITIALIZED_AUTOS = YES_AGGRESSIVE;
				GCC_WARN_UNUSED_FUNCTION = YES;
				GCC_WARN_UNUSED_VARIABLE = YES;
				IPHONEOS_DEPLOYMENT_TARGET = 11.0;
				MTL_ENABLE_DEBUG_INFO = YES;
				ONLY_ACTIVE_ARCH = YES;
				SDKROOT = iphoneos;
				SWIFT_ACTIVE_COMPILATION_CONDITIONS = DEBUG;
				SWIFT_OPTIMIZATION_LEVEL = "-Onone";
			};
			name = Debug;
		};
		83A1A2341F91B47700BE6BE5 /* Release */ = {
			isa = XCBuildConfiguration;
			buildSettings = {
				ALWAYS_SEARCH_USER_PATHS = NO;
				CLANG_ANALYZER_NONNULL = YES;
				CLANG_ANALYZER_NUMBER_OBJECT_CONVERSION = YES_AGGRESSIVE;
				CLANG_CXX_LANGUAGE_STANDARD = "gnu++14";
				CLANG_CXX_LIBRARY = "libc++";
				CLANG_ENABLE_MODULES = YES;
				CLANG_ENABLE_OBJC_ARC = YES;
				CLANG_WARN_BLOCK_CAPTURE_AUTORELEASING = YES;
				CLANG_WARN_BOOL_CONVERSION = YES;
				CLANG_WARN_COMMA = YES;
				CLANG_WARN_CONSTANT_CONVERSION = YES;
				CLANG_WARN_DIRECT_OBJC_ISA_USAGE = YES_ERROR;
				CLANG_WARN_DOCUMENTATION_COMMENTS = YES;
				CLANG_WARN_EMPTY_BODY = YES;
				CLANG_WARN_ENUM_CONVERSION = YES;
				CLANG_WARN_INFINITE_RECURSION = YES;
				CLANG_WARN_INT_CONVERSION = YES;
				CLANG_WARN_NON_LITERAL_NULL_CONVERSION = YES;
				CLANG_WARN_OBJC_LITERAL_CONVERSION = YES;
				CLANG_WARN_OBJC_ROOT_CLASS = YES_ERROR;
				CLANG_WARN_RANGE_LOOP_ANALYSIS = YES;
				CLANG_WARN_STRICT_PROTOTYPES = YES;
				CLANG_WARN_SUSPICIOUS_MOVE = YES;
				CLANG_WARN_UNGUARDED_AVAILABILITY = YES_AGGRESSIVE;
				CLANG_WARN_UNREACHABLE_CODE = YES;
				CLANG_WARN__DUPLICATE_METHOD_MATCH = YES;
				CODE_SIGN_IDENTITY = "iPhone Developer";
				COPY_PHASE_STRIP = NO;
				DEBUG_INFORMATION_FORMAT = "dwarf-with-dsym";
				ENABLE_NS_ASSERTIONS = NO;
				ENABLE_STRICT_OBJC_MSGSEND = YES;
				GCC_C_LANGUAGE_STANDARD = gnu11;
				GCC_NO_COMMON_BLOCKS = YES;
				GCC_WARN_64_TO_32_BIT_CONVERSION = YES;
				GCC_WARN_ABOUT_RETURN_TYPE = YES_ERROR;
				GCC_WARN_UNDECLARED_SELECTOR = YES;
				GCC_WARN_UNINITIALIZED_AUTOS = YES_AGGRESSIVE;
				GCC_WARN_UNUSED_FUNCTION = YES;
				GCC_WARN_UNUSED_VARIABLE = YES;
				IPHONEOS_DEPLOYMENT_TARGET = 11.0;
				MTL_ENABLE_DEBUG_INFO = NO;
				SDKROOT = iphoneos;
				SWIFT_OPTIMIZATION_LEVEL = "-Owholemodule";
				VALIDATE_PRODUCT = YES;
			};
			name = Release;
		};
		83A1A2361F91B47700BE6BE5 /* Debug */ = {
			isa = XCBuildConfiguration;
			buildSettings = {
				ASSETCATALOG_COMPILER_APPICON_NAME = AppIcon;
				CODE_SIGN_STYLE = Automatic;
				INFOPLIST_FILE = NiteLyfe/Info.plist;
				LD_RUNPATH_SEARCH_PATHS = "$(inherited) @executable_path/Frameworks";
				PRODUCT_BUNDLE_IDENTIFIER = com.Jonah.NiteLyfe;
				PRODUCT_NAME = "$(TARGET_NAME)";
				SWIFT_VERSION = 4.0;
				TARGETED_DEVICE_FAMILY = "1,2";
			};
			name = Debug;
		};
		83A1A2371F91B47700BE6BE5 /* Release */ = {
			isa = XCBuildConfiguration;
			buildSettings = {
				ASSETCATALOG_COMPILER_APPICON_NAME = AppIcon;
				CODE_SIGN_STYLE = Automatic;
				INFOPLIST_FILE = NiteLyfe/Info.plist;
				LD_RUNPATH_SEARCH_PATHS = "$(inherited) @executable_path/Frameworks";
				PRODUCT_BUNDLE_IDENTIFIER = com.Jonah.NiteLyfe;
				PRODUCT_NAME = "$(TARGET_NAME)";
				SWIFT_VERSION = 4.0;
				TARGETED_DEVICE_FAMILY = "1,2";
			};
			name = Release;
		};
		83A1A2391F91B47700BE6BE5 /* Debug */ = {
			isa = XCBuildConfiguration;
			buildSettings = {
				ALWAYS_EMBED_SWIFT_STANDARD_LIBRARIES = YES;
				BUNDLE_LOADER = "$(TEST_HOST)";
				CODE_SIGN_STYLE = Automatic;
				INFOPLIST_FILE = NiteLyfeTests/Info.plist;
				LD_RUNPATH_SEARCH_PATHS = "$(inherited) @executable_path/Frameworks @loader_path/Frameworks";
				PRODUCT_BUNDLE_IDENTIFIER = com.Jonah.NiteLyfeTests;
				PRODUCT_NAME = "$(TARGET_NAME)";
				SWIFT_VERSION = 4.0;
				TARGETED_DEVICE_FAMILY = "1,2";
				TEST_HOST = "$(BUILT_PRODUCTS_DIR)/NiteLyfe.app/NiteLyfe";
			};
			name = Debug;
		};
		83A1A23A1F91B47700BE6BE5 /* Release */ = {
			isa = XCBuildConfiguration;
			buildSettings = {
				ALWAYS_EMBED_SWIFT_STANDARD_LIBRARIES = YES;
				BUNDLE_LOADER = "$(TEST_HOST)";
				CODE_SIGN_STYLE = Automatic;
				INFOPLIST_FILE = NiteLyfeTests/Info.plist;
				LD_RUNPATH_SEARCH_PATHS = "$(inherited) @executable_path/Frameworks @loader_path/Frameworks";
				PRODUCT_BUNDLE_IDENTIFIER = com.Jonah.NiteLyfeTests;
				PRODUCT_NAME = "$(TARGET_NAME)";
				SWIFT_VERSION = 4.0;
				TARGETED_DEVICE_FAMILY = "1,2";
				TEST_HOST = "$(BUILT_PRODUCTS_DIR)/NiteLyfe.app/NiteLyfe";
			};
			name = Release;
		};
		83A1A23C1F91B47700BE6BE5 /* Debug */ = {
			isa = XCBuildConfiguration;
			buildSettings = {
				ALWAYS_EMBED_SWIFT_STANDARD_LIBRARIES = YES;
				CODE_SIGN_STYLE = Automatic;
				INFOPLIST_FILE = NiteLyfeUITests/Info.plist;
				LD_RUNPATH_SEARCH_PATHS = "$(inherited) @executable_path/Frameworks @loader_path/Frameworks";
				PRODUCT_BUNDLE_IDENTIFIER = com.Jonah.NiteLyfeUITests;
				PRODUCT_NAME = "$(TARGET_NAME)";
				SWIFT_VERSION = 4.0;
				TARGETED_DEVICE_FAMILY = "1,2";
				TEST_TARGET_NAME = NiteLyfe;
			};
			name = Debug;
		};
		83A1A23D1F91B47700BE6BE5 /* Release */ = {
			isa = XCBuildConfiguration;
			buildSettings = {
				ALWAYS_EMBED_SWIFT_STANDARD_LIBRARIES = YES;
				CODE_SIGN_STYLE = Automatic;
				INFOPLIST_FILE = NiteLyfeUITests/Info.plist;
				LD_RUNPATH_SEARCH_PATHS = "$(inherited) @executable_path/Frameworks @loader_path/Frameworks";
				PRODUCT_BUNDLE_IDENTIFIER = com.Jonah.NiteLyfeUITests;
				PRODUCT_NAME = "$(TARGET_NAME)";
				SWIFT_VERSION = 4.0;
				TARGETED_DEVICE_FAMILY = "1,2";
				TEST_TARGET_NAME = NiteLyfe;
			};
			name = Release;
		};
/* End XCBuildConfiguration section */

/* Begin XCConfigurationList section */
		83A1A2051F91B47700BE6BE5 /* Build configuration list for PBXProject "NiteLyfe" */ = {
			isa = XCConfigurationList;
			buildConfigurations = (
				83A1A2331F91B47700BE6BE5 /* Debug */,
				83A1A2341F91B47700BE6BE5 /* Release */,
			);
			defaultConfigurationIsVisible = 0;
			defaultConfigurationName = Release;
		};
		83A1A2351F91B47700BE6BE5 /* Build configuration list for PBXNativeTarget "NiteLyfe" */ = {
			isa = XCConfigurationList;
			buildConfigurations = (
				83A1A2361F91B47700BE6BE5 /* Debug */,
				83A1A2371F91B47700BE6BE5 /* Release */,
			);
			defaultConfigurationIsVisible = 0;
			defaultConfigurationName = Release;
		};
		83A1A2381F91B47700BE6BE5 /* Build configuration list for PBXNativeTarget "NiteLyfeTests" */ = {
			isa = XCConfigurationList;
			buildConfigurations = (
				83A1A2391F91B47700BE6BE5 /* Debug */,
				83A1A23A1F91B47700BE6BE5 /* Release */,
			);
			defaultConfigurationIsVisible = 0;
			defaultConfigurationName = Release;
		};
		83A1A23B1F91B47700BE6BE5 /* Build configuration list for PBXNativeTarget "NiteLyfeUITests" */ = {
			isa = XCConfigurationList;
			buildConfigurations = (
				83A1A23C1F91B47700BE6BE5 /* Debug */,
				83A1A23D1F91B47700BE6BE5 /* Release */,
			);
			defaultConfigurationIsVisible = 0;
			defaultConfigurationName = Release;
		};
/* End XCConfigurationList section */

/* Begin XCVersionGroup section */
		83A1A2141F91B47700BE6BE5 /* NiteLyfe.xcdatamodeld */ = {
			isa = XCVersionGroup;
			children = (
				83A1A2151F91B47700BE6BE5 /* NiteLyfe.xcdatamodel */,
			);
			currentVersion = 83A1A2151F91B47700BE6BE5 /* NiteLyfe.xcdatamodel */;
			path = NiteLyfe.xcdatamodeld;
			sourceTree = "<group>";
			versionGroupType = wrapper.xcdatamodel;
		};
/* End XCVersionGroup section */
	};
	rootObject = 83A1A2021F91B47700BE6BE5 /* Project object */;
}
